# THIS IS AN AUTOGENERATED FILE. DO NOT EDIT THIS FILE DIRECTLY.
# yarn lockfile v1


"@_nu/vanilla-dialog@^0.0.1":
  version "0.0.1"
  resolved "https://registry.npmjs.org/@_nu/vanilla-dialog/-/vanilla-dialog-0.0.1.tgz#71a07831af84d1721f34c861dd03cd7b46a8d3be"
  integrity sha512-85t16YrJdLGf88dgneQEtdFHLWKzJ+H6P1FfpSTKOkaqjMQQyQGqSwutcEJYta5UR0V2LwTcW9JmP5DWe+gP7Q==
